
Microsoft Visual Studio Solution File, Format Version 12.00
# Visual Studio Version 17
VisualStudioVersion = 17.7.34202.233
MinimumVisualStudioVersion = 10.0.40219.1
Project("{FAE04EC0-301F-11D3-BF4B-00C04F79EFBC}") = "Academia.DotNet.AmigoSecreto", "AmigoSecreto\Academia.DotNet.AmigoSecreto\Academia.DotNet.AmigoSecreto.csproj", "{FD23BCCE-8267-4AE2-8A1C-96BCED637F70}"
EndProject
Global
	GlobalSection(SolutionConfigurationPlatforms) = preSolution
		Debug|Any CPU = Debug|Any CPU
		Release|Any CPU = Release|Any CPU
	EndGlobalSection
	GlobalSection(ProjectConfigurationPlatforms) = postSolution
		{FD23BCCE-8267-4AE2-8A1C-96BCED637F70}.Debug|Any CPU.ActiveCfg = Debug|Any CPU
		{FD23BCCE-8267-4AE2-8A1C-96BCED637F70}.Debug|Any CPU.Build.0 = Debug|Any CPU
		{FD23BCCE-8267-4AE2-8A1C-96BCED637F70}.Release|Any CPU.ActiveCfg = Release|Any CPU
		{FD23BCCE-8267-4AE2-8A1C-96BCED637F70}.Release|Any CPU.Build.0 = Release|Any CPU
	EndGlobalSection
	GlobalSection(SolutionProperties) = preSolution
		HideSolutionNode = FALSE
	EndGlobalSection
	GlobalSection(ExtensibilityGlobals) = postSolution
		SolutionGuid = {C2C0B38F-108B-419C-9794-BE5EECCB3190}
	EndGlobalSection
EndGlobal
