
Microsoft Visual Studio Solution File, Format Version 12.00
# Visual Studio Version 17
VisualStudioVersion = 17.7.34202.233
MinimumVisualStudioVersion = 10.0.40219.1
Project("{9A19103F-16F7-4668-BE54-9A1E7A4F7556}") = "Academia.DotNet.AmigoSecreto", "AmigoSecreto\Academia.DotNet.AmigoSecreto\Academia.DotNet.AmigoSecreto.csproj", "{FD23BCCE-8267-4AE2-8A1C-96BCED637F70}"
EndProject
Project("{2150E333-8FDC-42A3-9474-1A3956D46DE8}") = "01 - Console Application", "01 - Console Application", "{628BB59F-3B19-4971-A86B-A6B993FFBF85}"
EndProject
Project("{2150E333-8FDC-42A3-9474-1A3956D46DE8}") = "02 - Windows Forms", "02 - Windows Forms", "{24BEEAFF-5373-4702-896D-F2DCC0309647}"
EndProject
Project("{FAE04EC0-301F-11D3-BF4B-00C04F79EFBC}") = "Academia.DotNet.AmigoSecreto.App", "AmigoSecreto\Academia.DotNet.AmigoSecreto.App\Academia.DotNet.AmigoSecreto.App.csproj", "{D64F71C1-A8B5-44F8-A700-59C3AADEA889}"
EndProject
Global
	GlobalSection(SolutionConfigurationPlatforms) = preSolution
		Debug|Any CPU = Debug|Any CPU
		Release|Any CPU = Release|Any CPU
	EndGlobalSection
	GlobalSection(ProjectConfigurationPlatforms) = postSolution
		{FD23BCCE-8267-4AE2-8A1C-96BCED637F70}.Debug|Any CPU.ActiveCfg = Debug|Any CPU
		{FD23BCCE-8267-4AE2-8A1C-96BCED637F70}.Debug|Any CPU.Build.0 = Debug|Any CPU
		{FD23BCCE-8267-4AE2-8A1C-96BCED637F70}.Release|Any CPU.ActiveCfg = Release|Any CPU
		{FD23BCCE-8267-4AE2-8A1C-96BCED637F70}.Release|Any CPU.Build.0 = Release|Any CPU
		{D64F71C1-A8B5-44F8-A700-59C3AADEA889}.Debug|Any CPU.ActiveCfg = Debug|Any CPU
		{D64F71C1-A8B5-44F8-A700-59C3AADEA889}.Debug|Any CPU.Build.0 = Debug|Any CPU
		{D64F71C1-A8B5-44F8-A700-59C3AADEA889}.Release|Any CPU.ActiveCfg = Release|Any CPU
		{D64F71C1-A8B5-44F8-A700-59C3AADEA889}.Release|Any CPU.Build.0 = Release|Any CPU
	EndGlobalSection
	GlobalSection(SolutionProperties) = preSolution
		HideSolutionNode = FALSE
	EndGlobalSection
	GlobalSection(NestedProjects) = preSolution
		{FD23BCCE-8267-4AE2-8A1C-96BCED637F70} = {628BB59F-3B19-4971-A86B-A6B993FFBF85}
		{D64F71C1-A8B5-44F8-A700-59C3AADEA889} = {24BEEAFF-5373-4702-896D-F2DCC0309647}
	EndGlobalSection
	GlobalSection(ExtensibilityGlobals) = postSolution
		SolutionGuid = {C2C0B38F-108B-419C-9794-BE5EECCB3190}
	EndGlobalSection
EndGlobal
